// !$*UTF8*$!
{
	archiveVersion = 1;
	classes = {
	};
	objectVersion = 46;
	objects = {

/* Begin PBXBuildFile section */
		5A3733D8BEF17C02C560DD7B /* libPods-js-with-native.a in Frameworks */ = {isa = PBXBuildFile; fileRef = E469CE9964383AC033FD6AEA /* libPods-js-with-native.a */; };
		C13F95F41D488BCE0074BE0D /* main.m in Sources */ = {isa = PBXBuildFile; fileRef = C13F95F31D488BCE0074BE0D /* main.m */; };
		C13F95F71D488BCE0074BE0D /* AppDelegate.m in Sources */ = {isa = PBXBuildFile; fileRef = C13F95F61D488BCE0074BE0D /* AppDelegate.m */; };
		C13F95FD1D488BCE0074BE0D /* Main.storyboard in Resources */ = {isa = PBXBuildFile; fileRef = C13F95FB1D488BCE0074BE0D /* Main.storyboard */; };
		C13F95FF1D488BCE0074BE0D /* Assets.xcassets in Resources */ = {isa = PBXBuildFile; fileRef = C13F95FE1D488BCE0074BE0D /* Assets.xcassets */; };
		C13F96021D488BCE0074BE0D /* LaunchScreen.storyboard in Resources */ = {isa = PBXBuildFile; fileRef = C13F96001D488BCE0074BE0D /* LaunchScreen.storyboard */; };
		C13F960B1D4896100074BE0D /* LoginName.m in Sources */ = {isa = PBXBuildFile; fileRef = C13F960A1D4896100074BE0D /* LoginName.m */; };
		C13F960E1D48963C0074BE0D /* MainName.m in Sources */ = {isa = PBXBuildFile; fileRef = C13F960D1D48963C0074BE0D /* MainName.m */; };
		C13F96111D4896590074BE0D /* SettingName.m in Sources */ = {isa = PBXBuildFile; fileRef = C13F96101D4896590074BE0D /* SettingName.m */; };
		C13F96131D4898640074BE0D /* login.html in Resources */ = {isa = PBXBuildFile; fileRef = C13F96121D4898640074BE0D /* login.html */; };
		C13F96151D48988F0074BE0D /* JavaScriptCore.framework in Frameworks */ = {isa = PBXBuildFile; fileRef = C13F96141D48988F0074BE0D /* JavaScriptCore.framework */; };
/* End PBXBuildFile section */

/* Begin PBXFileReference section */
		6357628FB4201CCDBE557DF5 /* Pods-js-with-native.release.xcconfig */ = {isa = PBXFileReference; includeInIndex = 1; lastKnownFileType = text.xcconfig; name = "Pods-js-with-native.release.xcconfig"; path = "Pods/Target Support Files/Pods-js-with-native/Pods-js-with-native.release.xcconfig"; sourceTree = "<group>"; };
		C13F95EF1D488BCE0074BE0D /* js-with-native.app */ = {isa = PBXFileReference; explicitFileType = wrapper.application; includeInIndex = 0; path = "js-with-native.app"; sourceTree = BUILT_PRODUCTS_DIR; };
		C13F95F31D488BCE0074BE0D /* main.m */ = {isa = PBXFileReference; lastKnownFileType = sourcecode.c.objc; path = main.m; sourceTree = "<group>"; };
		C13F95F51D488BCE0074BE0D /* AppDelegate.h */ = {isa = PBXFileReference; lastKnownFileType = sourcecode.c.h; path = AppDelegate.h; sourceTree = "<group>"; };
		C13F95F61D488BCE0074BE0D /* AppDelegate.m */ = {isa = PBXFileReference; lastKnownFileType = sourcecode.c.objc; path = AppDelegate.m; sourceTree = "<group>"; };
		C13F95FC1D488BCE0074BE0D /* Base */ = {isa = PBXFileReference; lastKnownFileType = file.storyboard; name = Base; path = Base.lproj/Main.storyboard; sourceTree = "<group>"; };
		C13F95FE1D488BCE0074BE0D /* Assets.xcassets */ = {isa = PBXFileReference; lastKnownFileType = folder.assetcatalog; path = Assets.xcassets; sourceTree = "<group>"; };
		C13F96011D488BCE0074BE0D /* Base */ = {isa = PBXFileReference; lastKnownFileType = file.storyboard; name = Base; path = Base.lproj/LaunchScreen.storyboard; sourceTree = "<group>"; };
		C13F96031D488BCE0074BE0D /* Info.plist */ = {isa = PBXFileReference; lastKnownFileType = text.plist.xml; path = Info.plist; sourceTree = "<group>"; };
		C13F96091D4896100074BE0D /* LoginName.h */ = {isa = PBXFileReference; fileEncoding = 4; lastKnownFileType = sourcecode.c.h; path = LoginName.h; sourceTree = "<group>"; };
		C13F960A1D4896100074BE0D /* LoginName.m */ = {isa = PBXFileReference; fileEncoding = 4; lastKnownFileType = sourcecode.c.objc; path = LoginName.m; sourceTree = "<group>"; };
		C13F960C1D48963C0074BE0D /* MainName.h */ = {isa = PBXFileReference; fileEncoding = 4; lastKnownFileType = sourcecode.c.h; path = MainName.h; sourceTree = "<group>"; };
		C13F960D1D48963C0074BE0D /* MainName.m */ = {isa = PBXFileReference; fileEncoding = 4; lastKnownFileType = sourcecode.c.objc; path = MainName.m; sourceTree = "<group>"; };
		C13F960F1D4896590074BE0D /* SettingName.h */ = {isa = PBXFileReference; fileEncoding = 4; lastKnownFileType = sourcecode.c.h; path = SettingName.h; sourceTree = "<group>"; };
		C13F96101D4896590074BE0D /* SettingName.m */ = {isa = PBXFileReference; fileEncoding = 4; lastKnownFileType = sourcecode.c.objc; path = SettingName.m; sourceTree = "<group>"; };
		C13F96121D4898640074BE0D /* login.html */ = {isa = PBXFileReference; fileEncoding = 4; lastKnownFileType = text.html; path = login.html; sourceTree = "<group>"; };
		C13F96141D48988F0074BE0D /* JavaScriptCore.framework */ = {isa = PBXFileReference; lastKnownFileType = wrapper.framework; name = JavaScriptCore.framework; path = System/Library/Frameworks/JavaScriptCore.framework; sourceTree = SDKROOT; };
		D22178DFA9A06CD415059CBF /* Pods-js-with-native.debug.xcconfig */ = {isa = PBXFileReference; includeInIndex = 1; lastKnownFileType = text.xcconfig; name = "Pods-js-with-native.debug.xcconfig"; path = "Pods/Target Support Files/Pods-js-with-native/Pods-js-with-native.debug.xcconfig"; sourceTree = "<group>"; };
		E469CE9964383AC033FD6AEA /* libPods-js-with-native.a */ = {isa = PBXFileReference; explicitFileType = archive.ar; includeInIndex = 0; path = "libPods-js-with-native.a"; sourceTree = BUILT_PRODUCTS_DIR; };
/* End PBXFileReference section */

/* Begin PBXFrameworksBuildPhase section */
		C13F95EC1D488BCE0074BE0D /* Frameworks */ = {
			isa = PBXFrameworksBuildPhase;
			buildActionMask = 2147483647;
			files = (
				C13F96151D48988F0074BE0D /* JavaScriptCore.framework in Frameworks */,
				5A3733D8BEF17C02C560DD7B /* libPods-js-with-native.a in Frameworks */,
			);
			runOnlyForDeploymentPostprocessing = 0;
		};
/* End PBXFrameworksBuildPhase section */

/* Begin PBXGroup section */
		4FE89D778A5254739A9E09AE /* Pods */ = {
			isa = PBXGroup;
			children = (
				D22178DFA9A06CD415059CBF /* Pods-js-with-native.debug.xcconfig */,
				6357628FB4201CCDBE557DF5 /* Pods-js-with-native.release.xcconfig */,
			);
			name = Pods;
			sourceTree = "<group>";
		};
		C13F95E61D488BCE0074BE0D = {
			isa = PBXGroup;
			children = (
				C13F95F11D488BCE0074BE0D /* js-with-native */,
				C13F95F01D488BCE0074BE0D /* Products */,
				4FE89D778A5254739A9E09AE /* Pods */,
				D2C57EACCA15FACBCC2DF962 /* Frameworks */,
			);
			sourceTree = "<group>";
		};
		C13F95F01D488BCE0074BE0D /* Products */ = {
			isa = PBXGroup;
			children = (
				C13F95EF1D488BCE0074BE0D /* js-with-native.app */,
			);
			name = Products;
			sourceTree = "<group>";
		};
		C13F95F11D488BCE0074BE0D /* js-with-native */ = {
			isa = PBXGroup;
			children = (
				C13F95F51D488BCE0074BE0D /* AppDelegate.h */,
				C13F95F61D488BCE0074BE0D /* AppDelegate.m */,
				C13F96091D4896100074BE0D /* LoginName.h */,
				C13F960A1D4896100074BE0D /* LoginName.m */,
				C13F960C1D48963C0074BE0D /* MainName.h */,
				C13F960D1D48963C0074BE0D /* MainName.m */,
				C13F960F1D4896590074BE0D /* SettingName.h */,
				C13F96101D4896590074BE0D /* SettingName.m */,
				C13F95FB1D488BCE0074BE0D /* Main.storyboard */,
				C13F95FE1D488BCE0074BE0D /* Assets.xcassets */,
				C13F96121D4898640074BE0D /* login.html */,
				C13F96001D488BCE0074BE0D /* LaunchScreen.storyboard */,
				C13F96031D488BCE0074BE0D /* Info.plist */,
				C13F95F21D488BCE0074BE0D /* Supporting Files */,
			);
			path = "js-with-native";
			sourceTree = "<group>";
		};
		C13F95F21D488BCE0074BE0D /* Supporting Files */ = {
			isa = PBXGroup;
			children = (
				C13F95F31D488BCE0074BE0D /* main.m */,
			);
			name = "Supporting Files";
			sourceTree = "<group>";
		};
		D2C57EACCA15FACBCC2DF962 /* Frameworks */ = {
			isa = PBXGroup;
			children = (
				C13F96141D48988F0074BE0D /* JavaScriptCore.framework */,
				E469CE9964383AC033FD6AEA /* libPods-js-with-native.a */,
			);
			name = Frameworks;
			sourceTree = "<group>";
		};
/* End PBXGroup section */

/* Begin PBXNativeTarget section */
		C13F95EE1D488BCE0074BE0D /* js-with-native */ = {
			isa = PBXNativeTarget;
			buildConfigurationList = C13F96061D488BCE0074BE0D /* Build configuration list for PBXNativeTarget "js-with-native" */;
			buildPhases = (
				699ACCDA2A4FAF629342719B /* [CP] Check Pods Manifest.lock */,
				C13F95EB1D488BCE0074BE0D /* Sources */,
				C13F95EC1D488BCE0074BE0D /* Frameworks */,
				C13F95ED1D488BCE0074BE0D /* Resources */,
				792CE2BA3D86D995B9BC36E6 /* [CP] Embed Pods Frameworks */,
				17EC763499E3F9161C91E258 /* [CP] Copy Pods Resources */,
			);
			buildRules = (
			);
			dependencies = (
			);
			name = "js-with-native";
			productName = "js-with-native";
			productReference = C13F95EF1D488BCE0074BE0D /* js-with-native.app */;
			productType = "com.apple.product-type.application";
		};
/* End PBXNativeTarget section */

/* Begin PBXProject section */
		C13F95E71D488BCE0074BE0D /* Project object */ = {
			isa = PBXProject;
			attributes = {
				LastUpgradeCheck = 0730;
				ORGANIZATIONNAME = "朱益达";
				TargetAttributes = {
					C13F95EE1D488BCE0074BE0D = {
						CreatedOnToolsVersion = 7.3.1;
					};
				};
			};
			buildConfigurationList = C13F95EA1D488BCE0074BE0D /* Build configuration list for PBXProject "js-with-native" */;
			compatibilityVersion = "Xcode 3.2";
			developmentRegion = English;
			hasScannedForEncodings = 0;
			knownRegions = (
				en,
				Base,
			);
			mainGroup = C13F95E61D488BCE0074BE0D;
			productRefGroup = C13F95F01D488BCE0074BE0D /* Products */;
			projectDirPath = "";
			projectRoot = "";
			targets = (
				C13F95EE1D488BCE0074BE0D /* js-with-native */,
			);
		};
/* End PBXProject section */

/* Begin PBXResourcesBuildPhase section */
		C13F95ED1D488BCE0074BE0D /* Resources */ = {
			isa = PBXResourcesBuildPhase;
			buildActionMask = 2147483647;
			files = (
				C13F96021D488BCE0074BE0D /* LaunchScreen.storyboard in Resources */,
				C13F95FF1D488BCE0074BE0D /* Assets.xcassets in Resources */,
				C13F96131D4898640074BE0D /* login.html in Resources */,
				C13F95FD1D488BCE0074BE0D /* Main.storyboard in Resources */,
			);
			runOnlyForDeploymentPostprocessing = 0;
		};
/* End PBXResourcesBuildPhase section */

/* Begin PBXShellScriptBuildPhase section */
		17EC763499E3F9161C91E258 /* [CP] Copy Pods Resources */ = {
			isa = PBXShellScriptBuildPhase;
			buildActionMask = 2147483647;
			files = (
			);
			inputPaths = (
			);
			name = "[CP] Copy Pods Resources";
			outputPaths = (
			);
			runOnlyForDeploymentPostprocessing = 0;
			shellPath = /bin/sh;
			shellScript = "\"${SRCROOT}/Pods/Target Support Files/Pods-js-with-native/Pods-js-with-native-resources.sh\"\n";
			showEnvVarsInLog = 0;
		};
		699ACCDA2A4FAF629342719B /* [CP] Check Pods Manifest.lock */ = {
			isa = PBXShellScriptBuildPhase;
			buildActionMask = 2147483647;
			files = (
			);
			inputPaths = (
			);
			name = "[CP] Check Pods Manifest.lock";
			outputPaths = (
			);
			runOnlyForDeploymentPostprocessing = 0;
			shellPath = /bin/sh;
			shellScript = "diff \"${PODS_ROOT}/../Podfile.lock\" \"${PODS_ROOT}/Manifest.lock\" > /dev/null\nif [[ $? != 0 ]] ; then\n    cat << EOM\nerror: The sandbox is not in sync with the Podfile.lock. Run 'pod install' or update your CocoaPods installation.\nEOM\n    exit 1\nfi\n";
			showEnvVarsInLog = 0;
		};
		792CE2BA3D86D995B9BC36E6 /* [CP] Embed Pods Frameworks */ = {
			isa = PBXShellScriptBuildPhase;
			buildActionMask = 2147483647;
			files = (
			);
			inputPaths = (
			);
			name = "[CP] Embed Pods Frameworks";
			outputPaths = (
			);
			runOnlyForDeploymentPostprocessing = 0;
			shellPath = /bin/sh;
			shellScript = "\"${SRCROOT}/Pods/Target Support Files/Pods-js-with-native/Pods-js-with-native-frameworks.sh\"\n";
			showEnvVarsInLog = 0;
		};
/* End PBXShellScriptBuildPhase section */

/* Begin PBXSourcesBuildPhase section */
		C13F95EB1D488BCE0074BE0D /* Sources */ = {
			isa = PBXSourcesBuildPhase;
			buildActionMask = 2147483647;
			files = (
				C13F960B1D4896100074BE0D /* LoginName.m in Sources */,
				C13F96111D4896590074BE0D /* SettingName.m in Sources */,
				C13F95F71D488BCE0074BE0D /* AppDelegate.m in Sources */,
				C13F95F41D488BCE0074BE0D /* main.m in Sources */,
				C13F960E1D48963C0074BE0D /* MainName.m in Sources */,
			);
			runOnlyForDeploymentPostprocessing = 0;
		};
/* End PBXSourcesBuildPhase section */

/* Begin PBXVariantGroup section */
		C13F95FB1D488BCE0074BE0D /* Main.storyboard */ = {
			isa = PBXVariantGroup;
			children = (
				C13F95FC1D488BCE0074BE0D /* Base */,
			);
			name = Main.storyboard;
			sourceTree = "<group>";
		};
		C13F96001D488BCE0074BE0D /* LaunchScreen.storyboard */ = {
			isa = PBXVariantGroup;
			children = (
				C13F96011D488BCE0074BE0D /* Base */,
			);
			name = LaunchScreen.storyboard;
			sourceTree = "<group>";
		};
/* End PBXVariantGroup section */

/* Begin XCBuildConfiguration section */
		C13F96041D488BCE0074BE0D /* Debug */ = {
			isa = XCBuildConfiguration;
			buildSettings = {
				ALWAYS_SEARCH_USER_PATHS = NO;
				CLANG_ANALYZER_NONNULL = YES;
				CLANG_CXX_LANGUAGE_STANDARD = "gnu++0x";
				CLANG_CXX_LIBRARY = "libc++";
				CLANG_ENABLE_MODULES = YES;
				CLANG_ENABLE_OBJC_ARC = YES;
				CLANG_WARN_BOOL_CONVERSION = YES;
				CLANG_WARN_CONSTANT_CONVERSION = YES;
				CLANG_WARN_DIRECT_OBJC_ISA_USAGE = YES_ERROR;
				CLANG_WARN_EMPTY_BODY = YES;
				CLANG_WARN_ENUM_CONVERSION = YES;
				CLANG_WARN_INT_CONVERSION = YES;
				CLANG_WARN_OBJC_ROOT_CLASS = YES_ERROR;
				CLANG_WARN_UNREACHABLE_CODE = YES;
				CLANG_WARN__DUPLICATE_METHOD_MATCH = YES;
				"CODE_SIGN_IDENTITY[sdk=iphoneos*]" = "iPhone Developer";
				COPY_PHASE_STRIP = NO;
				DEBUG_INFORMATION_FORMAT = dwarf;
				ENABLE_STRICT_OBJC_MSGSEND = YES;
				ENABLE_TESTABILITY = YES;
				GCC_C_LANGUAGE_STANDARD = gnu99;
				GCC_DYNAMIC_NO_PIC = NO;
				GCC_NO_COMMON_BLOCKS = YES;
				GCC_OPTIMIZATION_LEVEL = 0;
				GCC_PREPROCESSOR_DEFINITIONS = (
					"DEBUG=1",
					"$(inherited)",
				);
				GCC_WARN_64_TO_32_BIT_CONVERSION = YES;
				GCC_WARN_ABOUT_RETURN_TYPE = YES_ERROR;
				GCC_WARN_UNDECLARED_SELECTOR = YES;
				GCC_WARN_UNINITIALIZED_AUTOS = YES_AGGRESSIVE;
				GCC_WARN_UNUSED_FUNCTION = YES;
				GCC_WARN_UNUSED_VARIABLE = YES;
				IPHONEOS_DEPLOYMENT_TARGET = 9.3;
				MTL_ENABLE_DEBUG_INFO = YES;
				ONLY_ACTIVE_ARCH = YES;
				SDKROOT = iphoneos;
				TARGETED_DEVICE_FAMILY = "1,2";
			};
			name = Debug;
		};
		C13F96051D488BCE0074BE0D /* Release */ = {
			isa = XCBuildConfiguration;
			buildSettings = {
				ALWAYS_SEARCH_USER_PATHS = NO;
				CLANG_ANALYZER_NONNULL = YES;
				CLANG_CXX_LANGUAGE_STANDARD = "gnu++0x";
				CLANG_CXX_LIBRARY = "libc++";
				CLANG_ENABLE_MODULES = YES;
				CLANG_ENABLE_OBJC_ARC = YES;
				CLANG_WARN_BOOL_CONVERSION = YES;
				CLANG_WARN_CONSTANT_CONVERSION = YES;
				CLANG_WARN_DIRECT_OBJC_ISA_USAGE = YES_ERROR;
				CLANG_WARN_EMPTY_BODY = YES;
				CLANG_WARN_ENUM_CONVERSION = YES;
				CLANG_WARN_INT_CONVERSION = YES;
				CLANG_WARN_OBJC_ROOT_CLASS = YES_ERROR;
				CLANG_WARN_UNREACHABLE_CODE = YES;
				CLANG_WARN__DUPLICATE_METHOD_MATCH = YES;
				"CODE_SIGN_IDENTITY[sdk=iphoneos*]" = "iPhone Developer";
				COPY_PHASE_STRIP = NO;
				DEBUG_INFORMATION_FORMAT = "dwarf-with-dsym";
				ENABLE_NS_ASSERTIONS = NO;
				ENABLE_STRICT_OBJC_MSGSEND = YES;
				GCC_C_LANGUAGE_STANDARD = gnu99;
				GCC_NO_COMMON_BLOCKS = YES;
				GCC_WARN_64_TO_32_BIT_CONVERSION = YES;
				GCC_WARN_ABOUT_RETURN_TYPE = YES_ERROR;
				GCC_WARN_UNDECLARED_SELECTOR = YES;
				GCC_WARN_UNINITIALIZED_AUTOS = YES_AGGRESSIVE;
				GCC_WARN_UNUSED_FUNCTION = YES;
				GCC_WARN_UNUSED_VARIABLE = YES;
				IPHONEOS_DEPLOYMENT_TARGET = 9.3;
				MTL_ENABLE_DEBUG_INFO = NO;
				SDKROOT = iphoneos;
				TARGETED_DEVICE_FAMILY = "1,2";
				VALIDATE_PRODUCT = YES;
			};
			name = Release;
		};
		C13F96071D488BCE0074BE0D /* Debug */ = {
			isa = XCBuildConfiguration;
			baseConfigurationReference = D22178DFA9A06CD415059CBF /* Pods-js-with-native.debug.xcconfig */;
			buildSettings = {
				ASSETCATALOG_COMPILER_APPICON_NAME = AppIcon;
				INFOPLIST_FILE = "js-with-native/Info.plist";
				LD_RUNPATH_SEARCH_PATHS = "$(inherited) @executable_path/Frameworks";
				PRODUCT_BUNDLE_IDENTIFIER = "ZYD.js-with-native";
				PRODUCT_NAME = "$(TARGET_NAME)";
			};
			name = Debug;
		};
		C13F96081D488BCE0074BE0D /* Release */ = {
			isa = XCBuildConfiguration;
			baseConfigurationReference = 6357628FB4201CCDBE557DF5 /* Pods-js-with-native.release.xcconfig */;
			buildSettings = {
				ASSETCATALOG_COMPILER_APPICON_NAME = AppIcon;
				INFOPLIST_FILE = "js-with-native/Info.plist";
				LD_RUNPATH_SEARCH_PATHS = "$(inherited) @executable_path/Frameworks";
				PRODUCT_BUNDLE_IDENTIFIER = "ZYD.js-with-native";
				PRODUCT_NAME = "$(TARGET_NAME)";
			};
			name = Release;
		};
/* End XCBuildConfiguration section */

/* Begin XCConfigurationList section */
		C13F95EA1D488BCE0074BE0D /* Build configuration list for PBXProject "js-with-native" */ = {
			isa = XCConfigurationList;
			buildConfigurations = (
				C13F96041D488BCE0074BE0D /* Debug */,
				C13F96051D488BCE0074BE0D /* Release */,
			);
			defaultConfigurationIsVisible = 0;
			defaultConfigurationName = Release;
		};
		C13F96061D488BCE0074BE0D /* Build configuration list for PBXNativeTarget "js-with-native" */ = {
			isa = XCConfigurationList;
			buildConfigurations = (
				C13F96071D488BCE0074BE0D /* Debug */,
				C13F96081D488BCE0074BE0D /* Release */,
			);
			defaultConfigurationIsVisible = 0;
			defaultConfigurationName = Release;
		};
/* End XCConfigurationList section */
	};
	rootObject = C13F95E71D488BCE0074BE0D /* Project object */;
}
